
Microsoft Visual Studio Solution File, Format Version 12.00
# Visual Studio Version 17
VisualStudioVersion = 17.0.31919.166
MinimumVisualStudioVersion = 10.0.40219.1
Project("{FAE04EC0-301F-11D3-BF4B-00C04F79EFBC}") = "WebAPI", "WebAPI\WebAPI.csproj", "{A9AF1466-4324-4C8F-8732-632AF288FD37}"
EndProject
Project("{FAE04EC0-301F-11D3-BF4B-00C04F79EFBC}") = "Application", "Application\Application.csproj", "{0DEDB3D0-28C5-441B-AA13-5B346E640850}"
EndProject
Project("{FAE04EC0-301F-11D3-BF4B-00C04F79EFBC}") = "Domain", "Domain\Domain.csproj", "{7038C5E1-C6FA-47C2-93DF-CD28C79E8043}"
EndProject
Project("{FAE04EC0-301F-11D3-BF4B-00C04F79EFBC}") = "Infrastructure", "Infrastructure\Infrastructure.csproj", "{EDC44FE3-1812-4676-A433-7463AE3F13CC}"
EndProject
Global
	GlobalSection(SolutionConfigurationPlatforms) = preSolution
		Debug|Any CPU = Debug|Any CPU
		Release|Any CPU = Release|Any CPU
	EndGlobalSection
	GlobalSection(ProjectConfigurationPlatforms) = postSolution
		{A9AF1466-4324-4C8F-8732-632AF288FD37}.Debug|Any CPU.ActiveCfg = Debug|Any CPU
		{A9AF1466-4324-4C8F-8732-632AF288FD37}.Debug|Any CPU.Build.0 = Debug|Any CPU
		{A9AF1466-4324-4C8F-8732-632AF288FD37}.Release|Any CPU.ActiveCfg = Release|Any CPU
		{A9AF1466-4324-4C8F-8732-632AF288FD37}.Release|Any CPU.Build.0 = Release|Any CPU
		{0DEDB3D0-28C5-441B-AA13-5B346E640850}.Debug|Any CPU.ActiveCfg = Debug|Any CPU
		{0DEDB3D0-28C5-441B-AA13-5B346E640850}.Debug|Any CPU.Build.0 = Debug|Any CPU
		{0DEDB3D0-28C5-441B-AA13-5B346E640850}.Release|Any CPU.ActiveCfg = Release|Any CPU
		{0DEDB3D0-28C5-441B-AA13-5B346E640850}.Release|Any CPU.Build.0 = Release|Any CPU
		{7038C5E1-C6FA-47C2-93DF-CD28C79E8043}.Debug|Any CPU.ActiveCfg = Debug|Any CPU
		{7038C5E1-C6FA-47C2-93DF-CD28C79E8043}.Debug|Any CPU.Build.0 = Debug|Any CPU
		{7038C5E1-C6FA-47C2-93DF-CD28C79E8043}.Release|Any CPU.ActiveCfg = Release|Any CPU
		{7038C5E1-C6FA-47C2-93DF-CD28C79E8043}.Release|Any CPU.Build.0 = Release|Any CPU
		{EDC44FE3-1812-4676-A433-7463AE3F13CC}.Debug|Any CPU.ActiveCfg = Debug|Any CPU
		{EDC44FE3-1812-4676-A433-7463AE3F13CC}.Debug|Any CPU.Build.0 = Debug|Any CPU
		{EDC44FE3-1812-4676-A433-7463AE3F13CC}.Release|Any CPU.ActiveCfg = Release|Any CPU
		{EDC44FE3-1812-4676-A433-7463AE3F13CC}.Release|Any CPU.Build.0 = Release|Any CPU
	EndGlobalSection
	GlobalSection(SolutionProperties) = preSolution
		HideSolutionNode = FALSE
	EndGlobalSection
	GlobalSection(ExtensibilityGlobals) = postSolution
		SolutionGuid = {36AFDA64-5597-476D-8955-D40C71CB46BA}
	EndGlobalSection
EndGlobal
